
Microsoft Visual Studio Solution File, Format Version 12.00
# Visual Studio 15
VisualStudioVersion = 15.0.27130.2010
MinimumVisualStudioVersion = 10.0.40219.1
Project("{FAE04EC0-301F-11D3-BF4B-00C04F79EFBC}") = "NiteNiteUtilities", "NiteNiteUtilities\NiteNiteUtilities.csproj", "{D272C977-52F2-40CD-8437-48980A1EDA23}"
EndProject
Project("{FAE04EC0-301F-11D3-BF4B-00C04F79EFBC}") = "NiteNiteUtilities.Repository", "NiteNiteUtilities.Repository\NiteNiteUtilities.Repository.csproj", "{294880EB-2210-42D6-A89C-499A15ED7F16}"
EndProject
Global
	GlobalSection(SolutionConfigurationPlatforms) = preSolution
		Debug|Any CPU = Debug|Any CPU
		Release|Any CPU = Release|Any CPU
	EndGlobalSection
	GlobalSection(ProjectConfigurationPlatforms) = postSolution
		{D272C977-52F2-40CD-8437-48980A1EDA23}.Debug|Any CPU.ActiveCfg = Debug|Any CPU
		{D272C977-52F2-40CD-8437-48980A1EDA23}.Debug|Any CPU.Build.0 = Debug|Any CPU
		{D272C977-52F2-40CD-8437-48980A1EDA23}.Release|Any CPU.ActiveCfg = Release|Any CPU
		{D272C977-52F2-40CD-8437-48980A1EDA23}.Release|Any CPU.Build.0 = Release|Any CPU
		{294880EB-2210-42D6-A89C-499A15ED7F16}.Debug|Any CPU.ActiveCfg = Debug|Any CPU
		{294880EB-2210-42D6-A89C-499A15ED7F16}.Debug|Any CPU.Build.0 = Debug|Any CPU
		{294880EB-2210-42D6-A89C-499A15ED7F16}.Release|Any CPU.ActiveCfg = Release|Any CPU
		{294880EB-2210-42D6-A89C-499A15ED7F16}.Release|Any CPU.Build.0 = Release|Any CPU
	EndGlobalSection
	GlobalSection(SolutionProperties) = preSolution
		HideSolutionNode = FALSE
	EndGlobalSection
	GlobalSection(ExtensibilityGlobals) = postSolution
		SolutionGuid = {9DF4C2BF-D90A-43BD-B348-74DB84E0C2FB}
	EndGlobalSection
EndGlobal
